
Microsoft Visual Studio Solution File, Format Version 12.00
# Visual Studio Version 16
VisualStudioVersion = 16.0.30114.105
MinimumVisualStudioVersion = 10.0.40219.1
Project("{2150E333-8FDC-42A3-9474-1A3956D46DE8}") = "Sha1AlgorithmProject.UI", "Sha1AlgorithmProject.UI", "{97747145-3925-4792-9348-8E38FBCF1881}"
EndProject
Project("{FAE04EC0-301F-11D3-BF4B-00C04F79EFBC}") = "Sha1AlgorithmProject.WPF", "Sha1AlgorithmProject.UI\Sha1AlgorithmProject.WPF\Sha1AlgorithmProject.WPF.csproj", "{5B95D10E-6D82-49A6-BBA8-E3F9E1350D25}"
EndProject
Project("{FAE04EC0-301F-11D3-BF4B-00C04F79EFBC}") = "Sha1AlgorithmProject.Math", "Sha1AlgorithmProject.Math\Sha1AlgorithmProject.Math.csproj", "{765A0829-AFF2-4980-8AA8-99C87F8EE52D}"
EndProject
Global
	GlobalSection(SolutionConfigurationPlatforms) = preSolution
		Debug|Any CPU = Debug|Any CPU
		Release|Any CPU = Release|Any CPU
	EndGlobalSection
	GlobalSection(SolutionProperties) = preSolution
		HideSolutionNode = FALSE
	EndGlobalSection
	GlobalSection(ProjectConfigurationPlatforms) = postSolution
		{5B95D10E-6D82-49A6-BBA8-E3F9E1350D25}.Debug|Any CPU.ActiveCfg = Debug|Any CPU
		{5B95D10E-6D82-49A6-BBA8-E3F9E1350D25}.Debug|Any CPU.Build.0 = Debug|Any CPU
		{5B95D10E-6D82-49A6-BBA8-E3F9E1350D25}.Release|Any CPU.ActiveCfg = Release|Any CPU
		{5B95D10E-6D82-49A6-BBA8-E3F9E1350D25}.Release|Any CPU.Build.0 = Release|Any CPU
		{765A0829-AFF2-4980-8AA8-99C87F8EE52D}.Debug|Any CPU.ActiveCfg = Debug|Any CPU
		{765A0829-AFF2-4980-8AA8-99C87F8EE52D}.Debug|Any CPU.Build.0 = Debug|Any CPU
		{765A0829-AFF2-4980-8AA8-99C87F8EE52D}.Release|Any CPU.ActiveCfg = Release|Any CPU
		{765A0829-AFF2-4980-8AA8-99C87F8EE52D}.Release|Any CPU.Build.0 = Release|Any CPU
	EndGlobalSection
	GlobalSection(NestedProjects) = preSolution
		{5B95D10E-6D82-49A6-BBA8-E3F9E1350D25} = {97747145-3925-4792-9348-8E38FBCF1881}
	EndGlobalSection
EndGlobal
