
Microsoft Visual Studio Solution File, Format Version 12.00
# Visual Studio Version 16
VisualStudioVersion = 16.0.30114.105
MinimumVisualStudioVersion = 10.0.40219.1
Project("{2150E333-8FDC-42A3-9474-1A3956D46DE8}") = "Common", "Common", "{D73114ED-241E-4FF3-B1E2-3614453C4783}"
EndProject
Project("{FAE04EC0-301F-11D3-BF4B-00C04F79EFBC}") = "Sha1AlgorithmProject.Math", "Common\Sha1AlgorithmProject.Math\Sha1AlgorithmProject.Math.csproj", "{3DF8ADED-C4A9-4095-BA56-29AF9CA35F01}"
EndProject
Project("{2150E333-8FDC-42A3-9474-1A3956D46DE8}") = "UI", "UI", "{0E2917F3-95AB-4EFF-A90B-F65471377B37}"
EndProject
Project("{FAE04EC0-301F-11D3-BF4B-00C04F79EFBC}") = "Sha1AlgorithmProject.WPF", "UI\Sha1AlgorithmProject.WPF\Sha1AlgorithmProject.WPF.csproj", "{339DC60C-96F3-4556-B4C6-20422FF43D3F}"
EndProject
Project("{2150E333-8FDC-42A3-9474-1A3956D46DE8}") = "Tests", "Tests", "{D3CB03C5-6E14-4EBC-9F56-6FB8226867F5}"
EndProject
Project("{FAE04EC0-301F-11D3-BF4B-00C04F79EFBC}") = "Sha1AlgorithmProject.TestConsole", "Tests\Sha1AlgorithmProject.TestConsole\Sha1AlgorithmProject.TestConsole.csproj", "{12BDB1C7-1F99-4391-83AC-68D014B73B91}"
EndProject
Global
	GlobalSection(SolutionConfigurationPlatforms) = preSolution
		Debug|Any CPU = Debug|Any CPU
		Release|Any CPU = Release|Any CPU
	EndGlobalSection
	GlobalSection(SolutionProperties) = preSolution
		HideSolutionNode = FALSE
	EndGlobalSection
	GlobalSection(ProjectConfigurationPlatforms) = postSolution
		{3DF8ADED-C4A9-4095-BA56-29AF9CA35F01}.Debug|Any CPU.ActiveCfg = Debug|Any CPU
		{3DF8ADED-C4A9-4095-BA56-29AF9CA35F01}.Debug|Any CPU.Build.0 = Debug|Any CPU
		{3DF8ADED-C4A9-4095-BA56-29AF9CA35F01}.Release|Any CPU.ActiveCfg = Release|Any CPU
		{3DF8ADED-C4A9-4095-BA56-29AF9CA35F01}.Release|Any CPU.Build.0 = Release|Any CPU
		{339DC60C-96F3-4556-B4C6-20422FF43D3F}.Debug|Any CPU.ActiveCfg = Debug|Any CPU
		{339DC60C-96F3-4556-B4C6-20422FF43D3F}.Debug|Any CPU.Build.0 = Debug|Any CPU
		{339DC60C-96F3-4556-B4C6-20422FF43D3F}.Release|Any CPU.ActiveCfg = Release|Any CPU
		{339DC60C-96F3-4556-B4C6-20422FF43D3F}.Release|Any CPU.Build.0 = Release|Any CPU
		{12BDB1C7-1F99-4391-83AC-68D014B73B91}.Debug|Any CPU.ActiveCfg = Debug|Any CPU
		{12BDB1C7-1F99-4391-83AC-68D014B73B91}.Debug|Any CPU.Build.0 = Debug|Any CPU
		{12BDB1C7-1F99-4391-83AC-68D014B73B91}.Release|Any CPU.ActiveCfg = Release|Any CPU
		{12BDB1C7-1F99-4391-83AC-68D014B73B91}.Release|Any CPU.Build.0 = Release|Any CPU
	EndGlobalSection
	GlobalSection(NestedProjects) = preSolution
		{3DF8ADED-C4A9-4095-BA56-29AF9CA35F01} = {D73114ED-241E-4FF3-B1E2-3614453C4783}
		{339DC60C-96F3-4556-B4C6-20422FF43D3F} = {0E2917F3-95AB-4EFF-A90B-F65471377B37}
		{12BDB1C7-1F99-4391-83AC-68D014B73B91} = {D3CB03C5-6E14-4EBC-9F56-6FB8226867F5}
	EndGlobalSection
EndGlobal
